
Microsoft Visual Studio Solution File, Format Version 12.00
# Visual Studio Version 17
VisualStudioVersion = 17.0.32014.148
MinimumVisualStudioVersion = 10.0.40219.1
Project("{9A19103F-16F7-4668-BE54-9A1E7A4F7556}") = "CosmosNetwork", "src\CosmosNetwork\CosmosNetwork.csproj", "{7CD01460-C29F-40AA-A076-92FEA83A0DBA}"
EndProject
Project("{9A19103F-16F7-4668-BE54-9A1E7A4F7556}") = "CosmosNetwork.Ibc", "src\CosmosNetwork.Ibc\CosmosNetwork.Ibc.csproj", "{21BC8331-E00B-43CF-A7A1-DEFE8957D394}"
EndProject
Project("{9A19103F-16F7-4668-BE54-9A1E7A4F7556}") = "CosmosNetwork.CosmWasm", "src\CosmosNetwork.CosmWasm\CosmosNetwork.CosmWasm.csproj", "{377C5331-2014-4FA1-A6E7-A9EBEDBBB240}"
EndProject
Project("{9A19103F-16F7-4668-BE54-9A1E7A4F7556}") = "CosmosNetwork.Tendermint.Types", "src\CosmosNetwork.Tendermint.Types\CosmosNetwork.Tendermint.Types.csproj", "{F391478B-066A-4DF1-891E-1F1A75D633AF}"
EndProject
Project("{9A19103F-16F7-4668-BE54-9A1E7A4F7556}") = "CosmosNetwork.Confio.Types", "src\CosmosNetwork.Confio.Types\CosmosNetwork.Confio.Types.csproj", "{3917103F-697F-4C11-A15A-C8237F0B301A}"
EndProject
Project("{2150E333-8FDC-42A3-9474-1A3956D46DE8}") = "Tests", "Tests", "{512FAED7-B21A-4296-8A8B-A0A4B999BF71}"
EndProject
Project("{2150E333-8FDC-42A3-9474-1A3956D46DE8}") = "Integration", "Integration", "{5B8F36DA-327B-4CA6-BA2D-2B87D3CC9101}"
EndProject
Project("{2150E333-8FDC-42A3-9474-1A3956D46DE8}") = "Networks", "Networks", "{4EB2AFC2-7E3C-4808-808A-2EE1D37D271A}"
EndProject
Project("{9A19103F-16F7-4668-BE54-9A1E7A4F7556}") = "CosmosNetwork.Networks.CosmosHub", "src\CosmosNetwork.Networks.CosmosHub\CosmosNetwork.Networks.CosmosHub.csproj", "{739E48B9-69D0-4DB3-8749-2AEDB81E5A16}"
EndProject
Project("{9A19103F-16F7-4668-BE54-9A1E7A4F7556}") = "CosmosNetwork.Networks.Terra", "src\CosmosNetwork.Networks.Terra\CosmosNetwork.Networks.Terra.csproj", "{1B9F5127-014F-4E43-861F-6A3BC0D764B9}"
EndProject
Project("{9A19103F-16F7-4668-BE54-9A1E7A4F7556}") = "CosmosNetwork.Tests.Integration.CosmosHub", "src\CosmosNetwork.Tests.Integration.CosmosHub\CosmosNetwork.Tests.Integration.CosmosHub.csproj", "{E3BC79A6-22C2-4C65-B1C1-E2794B438CB4}"
EndProject
Project("{9A19103F-16F7-4668-BE54-9A1E7A4F7556}") = "CosmosNetwork.Tests.Integration.Terra", "src\CosmosNetwork.Tests.Integration.Terra\CosmosNetwork.Tests.Integration.Terra.csproj", "{F271738D-6BD3-4BEA-96AC-26445F4F067C}"
EndProject
Project("{9A19103F-16F7-4668-BE54-9A1E7A4F7556}") = "CosmosNetwork.Tests.Integration", "src\CosmosNetwork.Tests.Integration\CosmosNetwork.Tests.Integration.csproj", "{BB3A37BE-DBC8-4E82-B80D-F2A063C88E30}"
EndProject
Global
	GlobalSection(SolutionConfigurationPlatforms) = preSolution
		Debug|Any CPU = Debug|Any CPU
		Release|Any CPU = Release|Any CPU
	EndGlobalSection
	GlobalSection(ProjectConfigurationPlatforms) = postSolution
		{7CD01460-C29F-40AA-A076-92FEA83A0DBA}.Debug|Any CPU.ActiveCfg = Debug|Any CPU
		{7CD01460-C29F-40AA-A076-92FEA83A0DBA}.Debug|Any CPU.Build.0 = Debug|Any CPU
		{7CD01460-C29F-40AA-A076-92FEA83A0DBA}.Release|Any CPU.ActiveCfg = Release|Any CPU
		{7CD01460-C29F-40AA-A076-92FEA83A0DBA}.Release|Any CPU.Build.0 = Release|Any CPU
		{21BC8331-E00B-43CF-A7A1-DEFE8957D394}.Debug|Any CPU.ActiveCfg = Debug|Any CPU
		{21BC8331-E00B-43CF-A7A1-DEFE8957D394}.Debug|Any CPU.Build.0 = Debug|Any CPU
		{21BC8331-E00B-43CF-A7A1-DEFE8957D394}.Release|Any CPU.ActiveCfg = Release|Any CPU
		{21BC8331-E00B-43CF-A7A1-DEFE8957D394}.Release|Any CPU.Build.0 = Release|Any CPU
		{377C5331-2014-4FA1-A6E7-A9EBEDBBB240}.Debug|Any CPU.ActiveCfg = Debug|Any CPU
		{377C5331-2014-4FA1-A6E7-A9EBEDBBB240}.Debug|Any CPU.Build.0 = Debug|Any CPU
		{377C5331-2014-4FA1-A6E7-A9EBEDBBB240}.Release|Any CPU.ActiveCfg = Release|Any CPU
		{377C5331-2014-4FA1-A6E7-A9EBEDBBB240}.Release|Any CPU.Build.0 = Release|Any CPU
		{F391478B-066A-4DF1-891E-1F1A75D633AF}.Debug|Any CPU.ActiveCfg = Debug|Any CPU
		{F391478B-066A-4DF1-891E-1F1A75D633AF}.Debug|Any CPU.Build.0 = Debug|Any CPU
		{F391478B-066A-4DF1-891E-1F1A75D633AF}.Release|Any CPU.ActiveCfg = Release|Any CPU
		{F391478B-066A-4DF1-891E-1F1A75D633AF}.Release|Any CPU.Build.0 = Release|Any CPU
		{3917103F-697F-4C11-A15A-C8237F0B301A}.Debug|Any CPU.ActiveCfg = Debug|Any CPU
		{3917103F-697F-4C11-A15A-C8237F0B301A}.Debug|Any CPU.Build.0 = Debug|Any CPU
		{3917103F-697F-4C11-A15A-C8237F0B301A}.Release|Any CPU.ActiveCfg = Release|Any CPU
		{3917103F-697F-4C11-A15A-C8237F0B301A}.Release|Any CPU.Build.0 = Release|Any CPU
		{739E48B9-69D0-4DB3-8749-2AEDB81E5A16}.Debug|Any CPU.ActiveCfg = Debug|Any CPU
		{739E48B9-69D0-4DB3-8749-2AEDB81E5A16}.Debug|Any CPU.Build.0 = Debug|Any CPU
		{739E48B9-69D0-4DB3-8749-2AEDB81E5A16}.Release|Any CPU.ActiveCfg = Release|Any CPU
		{739E48B9-69D0-4DB3-8749-2AEDB81E5A16}.Release|Any CPU.Build.0 = Release|Any CPU
		{1B9F5127-014F-4E43-861F-6A3BC0D764B9}.Debug|Any CPU.ActiveCfg = Debug|Any CPU
		{1B9F5127-014F-4E43-861F-6A3BC0D764B9}.Debug|Any CPU.Build.0 = Debug|Any CPU
		{1B9F5127-014F-4E43-861F-6A3BC0D764B9}.Release|Any CPU.ActiveCfg = Release|Any CPU
		{1B9F5127-014F-4E43-861F-6A3BC0D764B9}.Release|Any CPU.Build.0 = Release|Any CPU
		{E3BC79A6-22C2-4C65-B1C1-E2794B438CB4}.Debug|Any CPU.ActiveCfg = Debug|Any CPU
		{E3BC79A6-22C2-4C65-B1C1-E2794B438CB4}.Debug|Any CPU.Build.0 = Debug|Any CPU
		{E3BC79A6-22C2-4C65-B1C1-E2794B438CB4}.Release|Any CPU.ActiveCfg = Release|Any CPU
		{E3BC79A6-22C2-4C65-B1C1-E2794B438CB4}.Release|Any CPU.Build.0 = Release|Any CPU
		{F271738D-6BD3-4BEA-96AC-26445F4F067C}.Debug|Any CPU.ActiveCfg = Debug|Any CPU
		{F271738D-6BD3-4BEA-96AC-26445F4F067C}.Debug|Any CPU.Build.0 = Debug|Any CPU
		{F271738D-6BD3-4BEA-96AC-26445F4F067C}.Release|Any CPU.ActiveCfg = Release|Any CPU
		{F271738D-6BD3-4BEA-96AC-26445F4F067C}.Release|Any CPU.Build.0 = Release|Any CPU
		{BB3A37BE-DBC8-4E82-B80D-F2A063C88E30}.Debug|Any CPU.ActiveCfg = Debug|Any CPU
		{BB3A37BE-DBC8-4E82-B80D-F2A063C88E30}.Debug|Any CPU.Build.0 = Debug|Any CPU
		{BB3A37BE-DBC8-4E82-B80D-F2A063C88E30}.Release|Any CPU.ActiveCfg = Release|Any CPU
		{BB3A37BE-DBC8-4E82-B80D-F2A063C88E30}.Release|Any CPU.Build.0 = Release|Any CPU
	EndGlobalSection
	GlobalSection(SolutionProperties) = preSolution
		HideSolutionNode = FALSE
	EndGlobalSection
	GlobalSection(NestedProjects) = preSolution
		{5B8F36DA-327B-4CA6-BA2D-2B87D3CC9101} = {512FAED7-B21A-4296-8A8B-A0A4B999BF71}
		{739E48B9-69D0-4DB3-8749-2AEDB81E5A16} = {4EB2AFC2-7E3C-4808-808A-2EE1D37D271A}
		{1B9F5127-014F-4E43-861F-6A3BC0D764B9} = {4EB2AFC2-7E3C-4808-808A-2EE1D37D271A}
		{E3BC79A6-22C2-4C65-B1C1-E2794B438CB4} = {5B8F36DA-327B-4CA6-BA2D-2B87D3CC9101}
		{F271738D-6BD3-4BEA-96AC-26445F4F067C} = {5B8F36DA-327B-4CA6-BA2D-2B87D3CC9101}
		{BB3A37BE-DBC8-4E82-B80D-F2A063C88E30} = {5B8F36DA-327B-4CA6-BA2D-2B87D3CC9101}
	EndGlobalSection
	GlobalSection(ExtensibilityGlobals) = postSolution
		SolutionGuid = {B35290A5-367B-47EA-928E-4E61272C6E36}
	EndGlobalSection
EndGlobal
